
Microsoft Visual Studio Solution File, Format Version 12.00
# Visual Studio Version 17
VisualStudioVersion = 17.1.32210.238
MinimumVisualStudioVersion = 10.0.40219.1
Project("{FAE04EC0-301F-11D3-BF4B-00C04F79EFBC}") = "SuperHeroAPI", "SuperHeroAPI.csproj", "{CBA61E5B-ECDA-4C4E-A18F-E4BDA3790321}"
EndProject
Global
	GlobalSection(SolutionConfigurationPlatforms) = preSolution
		Debug|Any CPU = Debug|Any CPU
		Release|Any CPU = Release|Any CPU
	EndGlobalSection
	GlobalSection(ProjectConfigurationPlatforms) = postSolution
		{CBA61E5B-ECDA-4C4E-A18F-E4BDA3790321}.Debug|Any CPU.ActiveCfg = Debug|Any CPU
		{CBA61E5B-ECDA-4C4E-A18F-E4BDA3790321}.Debug|Any CPU.Build.0 = Debug|Any CPU
		{CBA61E5B-ECDA-4C4E-A18F-E4BDA3790321}.Release|Any CPU.ActiveCfg = Release|Any CPU
		{CBA61E5B-ECDA-4C4E-A18F-E4BDA3790321}.Release|Any CPU.Build.0 = Release|Any CPU
	EndGlobalSection
	GlobalSection(SolutionProperties) = preSolution
		HideSolutionNode = FALSE
	EndGlobalSection
	GlobalSection(ExtensibilityGlobals) = postSolution
		SolutionGuid = {167F284B-1843-425D-B04C-E3E89005730E}
	EndGlobalSection
EndGlobal
